
Microsoft Visual Studio Solution File, Format Version 12.00
# Visual Studio Version 17
VisualStudioVersion = 17.4.33110.190
MinimumVisualStudioVersion = 10.0.40219.1
Project("{FAE04EC0-301F-11D3-BF4B-00C04F79EFBC}") = "App1.Android", "App1\App1.Android\App1.Android.csproj", "{76728A9B-9D5E-4824-86FE-4856EEBEF8EF}"
EndProject
Project("{FAE04EC0-301F-11D3-BF4B-00C04F79EFBC}") = "App1", "App1\App1\App1.csproj", "{850E26ED-9E6F-46BE-972C-4B79FEE4D2A3}"
EndProject
Global
	GlobalSection(SolutionConfigurationPlatforms) = preSolution
		Debug|Any CPU = Debug|Any CPU
		Release|Any CPU = Release|Any CPU
	EndGlobalSection
	GlobalSection(ProjectConfigurationPlatforms) = postSolution
		{76728A9B-9D5E-4824-86FE-4856EEBEF8EF}.Debug|Any CPU.ActiveCfg = Debug|Any CPU
		{76728A9B-9D5E-4824-86FE-4856EEBEF8EF}.Debug|Any CPU.Build.0 = Debug|Any CPU
		{76728A9B-9D5E-4824-86FE-4856EEBEF8EF}.Debug|Any CPU.Deploy.0 = Debug|Any CPU
		{76728A9B-9D5E-4824-86FE-4856EEBEF8EF}.Release|Any CPU.ActiveCfg = Release|Any CPU
		{76728A9B-9D5E-4824-86FE-4856EEBEF8EF}.Release|Any CPU.Build.0 = Release|Any CPU
		{76728A9B-9D5E-4824-86FE-4856EEBEF8EF}.Release|Any CPU.Deploy.0 = Release|Any CPU
		{850E26ED-9E6F-46BE-972C-4B79FEE4D2A3}.Debug|Any CPU.ActiveCfg = Debug|Any CPU
		{850E26ED-9E6F-46BE-972C-4B79FEE4D2A3}.Debug|Any CPU.Build.0 = Debug|Any CPU
		{850E26ED-9E6F-46BE-972C-4B79FEE4D2A3}.Debug|Any CPU.Deploy.0 = Debug|Any CPU
		{850E26ED-9E6F-46BE-972C-4B79FEE4D2A3}.Release|Any CPU.ActiveCfg = Release|Any CPU
		{850E26ED-9E6F-46BE-972C-4B79FEE4D2A3}.Release|Any CPU.Build.0 = Release|Any CPU
		{850E26ED-9E6F-46BE-972C-4B79FEE4D2A3}.Release|Any CPU.Deploy.0 = Release|Any CPU
	EndGlobalSection
	GlobalSection(SolutionProperties) = preSolution
		HideSolutionNode = FALSE
	EndGlobalSection
	GlobalSection(ExtensibilityGlobals) = postSolution
		SolutionGuid = {29275619-5A5F-454F-815D-94738682296D}
	EndGlobalSection
EndGlobal
